
Microsoft Visual Studio Solution File, Format Version 12.00
# Visual Studio Version 17
VisualStudioVersion = 17.9.34714.143
MinimumVisualStudioVersion = 10.0.40219.1
Project("{9A19103F-16F7-4668-BE54-9A1E7A4F7556}") = "DungeonCore", "DungeonCore.csproj", "{FC9BDCDA-7498-480D-9139-4F4CB0FE00BE}"
EndProject
Global
	GlobalSection(SolutionConfigurationPlatforms) = preSolution
		Debug|Any CPU = Debug|Any CPU
		Release|Any CPU = Release|Any CPU
	EndGlobalSection
	GlobalSection(ProjectConfigurationPlatforms) = postSolution
		{FC9BDCDA-7498-480D-9139-4F4CB0FE00BE}.Debug|Any CPU.ActiveCfg = Debug|Any CPU
		{FC9BDCDA-7498-480D-9139-4F4CB0FE00BE}.Debug|Any CPU.Build.0 = Debug|Any CPU
		{FC9BDCDA-7498-480D-9139-4F4CB0FE00BE}.Release|Any CPU.ActiveCfg = Release|Any CPU
		{FC9BDCDA-7498-480D-9139-4F4CB0FE00BE}.Release|Any CPU.Build.0 = Release|Any CPU
	EndGlobalSection
	GlobalSection(SolutionProperties) = preSolution
		HideSolutionNode = FALSE
	EndGlobalSection
	GlobalSection(ExtensibilityGlobals) = postSolution
		SolutionGuid = {6CC076D5-884F-42DE-8C22-90F6B65C9EC7}
	EndGlobalSection
EndGlobal
